
Microsoft Visual Studio Solution File, Format Version 12.00
# Visual Studio Version 16
VisualStudioVersion = 16.0.29709.97
MinimumVisualStudioVersion = 10.0.40219.1
Project("{9A19103F-16F7-4668-BE54-9A1E7A4F7556}") = "Inscripcion", "Inscripcion\Inscripcion.csproj", "{8A122498-11D2-432D-B550-373C7FD4C6CB}"
EndProject
Project("{FAE04EC0-301F-11D3-BF4B-00C04F79EFBC}") = "InscripcionTests", "InscripcionTests\InscripcionTests.csproj", "{71C0146E-EBF4-44F1-A8C6-2E4428EE1A8D}"
EndProject
Global
	GlobalSection(SolutionConfigurationPlatforms) = preSolution
		Debug|Any CPU = Debug|Any CPU
		Release|Any CPU = Release|Any CPU
	EndGlobalSection
	GlobalSection(ProjectConfigurationPlatforms) = postSolution
		{8A122498-11D2-432D-B550-373C7FD4C6CB}.Debug|Any CPU.ActiveCfg = Debug|Any CPU
		{8A122498-11D2-432D-B550-373C7FD4C6CB}.Debug|Any CPU.Build.0 = Debug|Any CPU
		{8A122498-11D2-432D-B550-373C7FD4C6CB}.Release|Any CPU.ActiveCfg = Release|Any CPU
		{8A122498-11D2-432D-B550-373C7FD4C6CB}.Release|Any CPU.Build.0 = Release|Any CPU
		{71C0146E-EBF4-44F1-A8C6-2E4428EE1A8D}.Debug|Any CPU.ActiveCfg = Debug|Any CPU
		{71C0146E-EBF4-44F1-A8C6-2E4428EE1A8D}.Debug|Any CPU.Build.0 = Debug|Any CPU
		{71C0146E-EBF4-44F1-A8C6-2E4428EE1A8D}.Release|Any CPU.ActiveCfg = Release|Any CPU
		{71C0146E-EBF4-44F1-A8C6-2E4428EE1A8D}.Release|Any CPU.Build.0 = Release|Any CPU
	EndGlobalSection
	GlobalSection(SolutionProperties) = preSolution
		HideSolutionNode = FALSE
	EndGlobalSection
	GlobalSection(ExtensibilityGlobals) = postSolution
		SolutionGuid = {430528E1-F30C-4EE5-94E6-9EDE261683CE}
	EndGlobalSection
EndGlobal
